
Microsoft Visual Studio Solution File, Format Version 12.00
# Visual Studio 2013
VisualStudioVersion = 12.0.30723.0
MinimumVisualStudioVersion = 10.0.40219.1
Project("{FAE04EC0-301F-11D3-BF4B-00C04F79EFBC}") = "testWebAPI", "testWebAPI\testWebAPI.csproj", "{56213297-5F9D-48E1-B9FE-5B813402FB08}"
EndProject
Project("{2150E333-8FDC-42A3-9474-1A3956D46DE8}") = "PublishScripts", "PublishScripts", "{1FAC0CC0-8A49-4E1F-95DB-2EECE44367D5}"
	ProjectSection(SolutionItems) = preProject
		PublishScripts\AzureWebsitePublishModule.psm1 = PublishScripts\AzureWebsitePublishModule.psm1
		PublishScripts\Publish-WebApplicationWebsite.ps1 = PublishScripts\Publish-WebApplicationWebsite.ps1
	EndProjectSection
EndProject
Project("{2150E333-8FDC-42A3-9474-1A3956D46DE8}") = "Configurations", "Configurations", "{F01C1A44-C55F-4B85-BA07-52DA0B21702C}"
	ProjectSection(SolutionItems) = preProject
		PublishScripts\Configurations\testWebAPI-WAWS-dev.json = PublishScripts\Configurations\testWebAPI-WAWS-dev.json
	EndProjectSection
EndProject
Global
	GlobalSection(SolutionConfigurationPlatforms) = preSolution
		Debug|Any CPU = Debug|Any CPU
		Release|Any CPU = Release|Any CPU
	EndGlobalSection
	GlobalSection(ProjectConfigurationPlatforms) = postSolution
		{56213297-5F9D-48E1-B9FE-5B813402FB08}.Debug|Any CPU.ActiveCfg = Debug|Any CPU
		{56213297-5F9D-48E1-B9FE-5B813402FB08}.Debug|Any CPU.Build.0 = Debug|Any CPU
		{56213297-5F9D-48E1-B9FE-5B813402FB08}.Release|Any CPU.ActiveCfg = Release|Any CPU
		{56213297-5F9D-48E1-B9FE-5B813402FB08}.Release|Any CPU.Build.0 = Release|Any CPU
	EndGlobalSection
	GlobalSection(SolutionProperties) = preSolution
		HideSolutionNode = FALSE
	EndGlobalSection
	GlobalSection(NestedProjects) = preSolution
		{F01C1A44-C55F-4B85-BA07-52DA0B21702C} = {1FAC0CC0-8A49-4E1F-95DB-2EECE44367D5}
	EndGlobalSection
EndGlobal
